
Microsoft Visual Studio Solution File, Format Version 12.00
# Visual Studio Version 17
VisualStudioVersion = 17.9.34622.214
MinimumVisualStudioVersion = 10.0.40219.1
Project("{FAE04EC0-301F-11D3-BF4B-00C04F79EFBC}") = "MauiIssueEntry", "MauiIssueEntry.csproj", "{00E9328B-33EE-4A92-B61C-9FBEB473F795}"
EndProject
Global
	GlobalSection(SolutionConfigurationPlatforms) = preSolution
		Debug|Any CPU = Debug|Any CPU
		Release|Any CPU = Release|Any CPU
	EndGlobalSection
	GlobalSection(ProjectConfigurationPlatforms) = postSolution
		{00E9328B-33EE-4A92-B61C-9FBEB473F795}.Debug|Any CPU.ActiveCfg = Debug|Any CPU
		{00E9328B-33EE-4A92-B61C-9FBEB473F795}.Debug|Any CPU.Build.0 = Debug|Any CPU
		{00E9328B-33EE-4A92-B61C-9FBEB473F795}.Debug|Any CPU.Deploy.0 = Debug|Any CPU
		{00E9328B-33EE-4A92-B61C-9FBEB473F795}.Release|Any CPU.ActiveCfg = Release|Any CPU
		{00E9328B-33EE-4A92-B61C-9FBEB473F795}.Release|Any CPU.Build.0 = Release|Any CPU
		{00E9328B-33EE-4A92-B61C-9FBEB473F795}.Release|Any CPU.Deploy.0 = Release|Any CPU
	EndGlobalSection
	GlobalSection(SolutionProperties) = preSolution
		HideSolutionNode = FALSE
	EndGlobalSection
	GlobalSection(ExtensibilityGlobals) = postSolution
		SolutionGuid = {339E9E1E-82B1-4586-8B13-6E311FD43C4C}
	EndGlobalSection
EndGlobal
